%{"bucs": {:hex, :bucs, "1.0.12", "61d5aaa41e501c5f1567bc9dbc477f2f140bffc46abc1c0e5a0bec8c65ec1493", [], [], "hexpm"},
  "goldrush": {:hex, :goldrush, "0.1.9", "f06e5d5f1277da5c413e84d5a2924174182fb108dabb39d5ec548b27424cd106", [], [], "hexpm"},
  "lager": {:hex, :lager, "3.5.1", "63897a61af646c59bb928fee9756ce8bdd02d5a1a2f3551d4a5e38386c2cc071", [], [{:goldrush, "0.1.9", [hex: :goldrush, repo: "hexpm", optional: false]}], "hexpm"}}
