%{
  "bucs": {:hex, :bucs, "1.0.16", "d69a4cd6d1238cd1adc5c95673dbde0f8459a5dbb7d746516434d8c6d935e96f", [:make, :mix, :rebar3], [], "hexpm"},
  "goldrush": {:hex, :goldrush, "0.1.9", "f06e5d5f1277da5c413e84d5a2924174182fb108dabb39d5ec548b27424cd106", [:rebar3], [], "hexpm"},
  "lager": {:hex, :lager, "3.6.8", "897efc7679bb82383448646c96768cdc4e747464dd18b999c7aaca485686b0da", [:rebar3], [{:goldrush, "0.1.9", [hex: :goldrush, repo: "hexpm", optional: false]}], "hexpm"},
}
